
Microsoft Visual Studio Solution File, Format Version 12.00
# Visual Studio Version 17
VisualStudioVersion = 17.13.35731.43 d17.13
MinimumVisualStudioVersion = 10.0.40219.1
Project("{FAE04EC0-301F-11D3-BF4B-00C04F79EFBC}") = "SchoolTesting", "SchoolTesting.csproj", "{FA2D84D1-B16F-4F7F-ACA1-E9C0BB2ED8F3}"
EndProject
Global
	GlobalSection(SolutionConfigurationPlatforms) = preSolution
		Debug|Any CPU = Debug|Any CPU
		Release|Any CPU = Release|Any CPU
	EndGlobalSection
	GlobalSection(ProjectConfigurationPlatforms) = postSolution
		{FA2D84D1-B16F-4F7F-ACA1-E9C0BB2ED8F3}.Debug|Any CPU.ActiveCfg = Debug|Any CPU
		{FA2D84D1-B16F-4F7F-ACA1-E9C0BB2ED8F3}.Debug|Any CPU.Build.0 = Debug|Any CPU
		{FA2D84D1-B16F-4F7F-ACA1-E9C0BB2ED8F3}.Release|Any CPU.ActiveCfg = Release|Any CPU
		{FA2D84D1-B16F-4F7F-ACA1-E9C0BB2ED8F3}.Release|Any CPU.Build.0 = Release|Any CPU
	EndGlobalSection
	GlobalSection(SolutionProperties) = preSolution
		HideSolutionNode = FALSE
	EndGlobalSection
	GlobalSection(ExtensibilityGlobals) = postSolution
		SolutionGuid = {3864B973-EF51-4065-B2ED-BC78DBA18160}
	EndGlobalSection
EndGlobal
